// !$*UTF8*$!
{
	archiveVersion = 1;
	classes = {
	};
	objectVersion = 46;
	objects = {

/* Begin PBXBuildFile section */
		C789950A1BBF96650013507A /* AppDelegate.swift in Sources */ = {isa = PBXBuildFile; fileRef = C78995001BBF96650013507A /* AppDelegate.swift */; settings = {ASSET_TAGS = (); }; };
		C789950B1BBF96650013507A /* Assets.xcassets in Resources */ = {isa = PBXBuildFile; fileRef = C78995011BBF96650013507A /* Assets.xcassets */; settings = {ASSET_TAGS = (); }; };
		C789950C1BBF96650013507A /* LaunchScreen.storyboard in Resources */ = {isa = PBXBuildFile; fileRef = C78995021BBF96650013507A /* LaunchScreen.storyboard */; settings = {ASSET_TAGS = (); }; };
		C789950D1BBF96650013507A /* Main.storyboard in Resources */ = {isa = PBXBuildFile; fileRef = C78995041BBF96650013507A /* Main.storyboard */; settings = {ASSET_TAGS = (); }; };
		C789950E1BBF96650013507A /* DemoTableViewCell.swift in Sources */ = {isa = PBXBuildFile; fileRef = C78995061BBF96650013507A /* DemoTableViewCell.swift */; settings = {ASSET_TAGS = (); }; };
		C789950F1BBF96650013507A /* DemoViewController.swift in Sources */ = {isa = PBXBuildFile; fileRef = C78995071BBF96650013507A /* DemoViewController.swift */; settings = {ASSET_TAGS = (); }; };
		C78995101BBF96650013507A /* Info.plist in Resources */ = {isa = PBXBuildFile; fileRef = C78995081BBF96650013507A /* Info.plist */; settings = {ASSET_TAGS = (); }; };
		C78995111BBF96650013507A /* ViewController.swift in Sources */ = {isa = PBXBuildFile; fileRef = C78995091BBF96650013507A /* ViewController.swift */; settings = {ASSET_TAGS = (); }; };
		C78995181BBF96920013507A /* TableViewDragger.framework in Frameworks */ = {isa = PBXBuildFile; fileRef = C78995171BBF967E0013507A /* TableViewDragger.framework */; };
/* End PBXBuildFile section */

/* Begin PBXContainerItemProxy section */
		C78995161BBF967E0013507A /* PBXContainerItemProxy */ = {
			isa = PBXContainerItemProxy;
			containerPortal = C78995121BBF967E0013507A /* TableViewDragger.xcodeproj */;
			proxyType = 2;
			remoteGlobalIDString = C7AC952A1BB4166F0044E1BA;
			remoteInfo = TableViewDragger;
		};
/* End PBXContainerItemProxy section */

/* Begin PBXFileReference section */
		C78994EA1BBF963B0013507A /* TableViewDraggerExample.app */ = {isa = PBXFileReference; explicitFileType = wrapper.application; includeInIndex = 0; path = TableViewDraggerExample.app; sourceTree = BUILT_PRODUCTS_DIR; };
		C78995001BBF96650013507A /* AppDelegate.swift */ = {isa = PBXFileReference; fileEncoding = 4; lastKnownFileType = sourcecode.swift; path = AppDelegate.swift; sourceTree = "<group>"; };
		C78995011BBF96650013507A /* Assets.xcassets */ = {isa = PBXFileReference; lastKnownFileType = folder.assetcatalog; path = Assets.xcassets; sourceTree = "<group>"; };
		C78995031BBF96650013507A /* Base */ = {isa = PBXFileReference; lastKnownFileType = file.storyboard; name = Base; path = Base.lproj/LaunchScreen.storyboard; sourceTree = "<group>"; };
		C78995051BBF96650013507A /* Base */ = {isa = PBXFileReference; lastKnownFileType = file.storyboard; name = Base; path = Base.lproj/Main.storyboard; sourceTree = "<group>"; };
		C78995061BBF96650013507A /* DemoTableViewCell.swift */ = {isa = PBXFileReference; fileEncoding = 4; lastKnownFileType = sourcecode.swift; path = DemoTableViewCell.swift; sourceTree = "<group>"; };
		C78995071BBF96650013507A /* DemoViewController.swift */ = {isa = PBXFileReference; fileEncoding = 4; lastKnownFileType = sourcecode.swift; path = DemoViewController.swift; sourceTree = "<group>"; };
		C78995081BBF96650013507A /* Info.plist */ = {isa = PBXFileReference; fileEncoding = 4; lastKnownFileType = text.plist.xml; path = Info.plist; sourceTree = "<group>"; };
		C78995091BBF96650013507A /* ViewController.swift */ = {isa = PBXFileReference; fileEncoding = 4; lastKnownFileType = sourcecode.swift; path = ViewController.swift; sourceTree = "<group>"; };
		C78995121BBF967E0013507A /* TableViewDragger.xcodeproj */ = {isa = PBXFileReference; lastKnownFileType = "wrapper.pb-project"; name = TableViewDragger.xcodeproj; path = ../TableViewDragger.xcodeproj; sourceTree = "<group>"; };
/* End PBXFileReference section */

/* Begin PBXFrameworksBuildPhase section */
		C78994E71BBF963B0013507A /* Frameworks */ = {
			isa = PBXFrameworksBuildPhase;
			buildActionMask = 2147483647;
			files = (
				C78995181BBF96920013507A /* TableViewDragger.framework in Frameworks */,
			);
			runOnlyForDeploymentPostprocessing = 0;
		};
/* End PBXFrameworksBuildPhase section */

/* Begin PBXGroup section */
		C78994E11BBF963A0013507A = {
			isa = PBXGroup;
			children = (
				C78995121BBF967E0013507A /* TableViewDragger.xcodeproj */,
				C78994FF1BBF96650013507A /* TableViewDraggerExample */,
				C78994EB1BBF963B0013507A /* Products */,
			);
			sourceTree = "<group>";
		};
		C78994EB1BBF963B0013507A /* Products */ = {
			isa = PBXGroup;
			children = (
				C78994EA1BBF963B0013507A /* TableViewDraggerExample.app */,
			);
			name = Products;
			sourceTree = "<group>";
		};
		C78994FF1BBF96650013507A /* TableViewDraggerExample */ = {
			isa = PBXGroup;
			children = (
				C78995001BBF96650013507A /* AppDelegate.swift */,
				C78995011BBF96650013507A /* Assets.xcassets */,
				C78995021BBF96650013507A /* LaunchScreen.storyboard */,
				C78995041BBF96650013507A /* Main.storyboard */,
				C78995061BBF96650013507A /* DemoTableViewCell.swift */,
				C78995071BBF96650013507A /* DemoViewController.swift */,
				C78995081BBF96650013507A /* Info.plist */,
				C78995091BBF96650013507A /* ViewController.swift */,
			);
			path = TableViewDraggerExample;
			sourceTree = "<group>";
		};
		C78995131BBF967E0013507A /* Products */ = {
			isa = PBXGroup;
			children = (
				C78995171BBF967E0013507A /* TableViewDragger.framework */,
			);
			name = Products;
			sourceTree = "<group>";
		};
/* End PBXGroup section */

/* Begin PBXNativeTarget section */
		C78994E91BBF963B0013507A /* TableViewDraggerExample */ = {
			isa = PBXNativeTarget;
			buildConfigurationList = C78994FC1BBF963B0013507A /* Build configuration list for PBXNativeTarget "TableViewDraggerExample" */;
			buildPhases = (
				C78994E61BBF963B0013507A /* Sources */,
				C78994E71BBF963B0013507A /* Frameworks */,
				C78994E81BBF963B0013507A /* Resources */,
			);
			buildRules = (
			);
			dependencies = (
			);
			name = TableViewDraggerExample;
			productName = TableViewDraggerExample;
			productReference = C78994EA1BBF963B0013507A /* TableViewDraggerExample.app */;
			productType = "com.apple.product-type.application";
		};
/* End PBXNativeTarget section */

/* Begin PBXProject section */
		C78994E21BBF963A0013507A /* Project object */ = {
			isa = PBXProject;
			attributes = {
				LastUpgradeCheck = 0700;
				ORGANIZATIONNAME = kyohei_ito;
				TargetAttributes = {
					C78994E91BBF963B0013507A = {
						CreatedOnToolsVersion = 7.0.1;
					};
				};
			};
			buildConfigurationList = C78994E51BBF963A0013507A /* Build configuration list for PBXProject "TableViewDraggerExample" */;
			compatibilityVersion = "Xcode 3.2";
			developmentRegion = English;
			hasScannedForEncodings = 0;
			knownRegions = (
				en,
				Base,
			);
			mainGroup = C78994E11BBF963A0013507A;
			productRefGroup = C78994EB1BBF963B0013507A /* Products */;
			projectDirPath = "";
			projectReferences = (
				{
					ProductGroup = C78995131BBF967E0013507A /* Products */;
					ProjectRef = C78995121BBF967E0013507A /* TableViewDragger.xcodeproj */;
				},
			);
			projectRoot = "";
			targets = (
				C78994E91BBF963B0013507A /* TableViewDraggerExample */,
			);
		};
/* End PBXProject section */

/* Begin PBXReferenceProxy section */
		C78995171BBF967E0013507A /* TableViewDragger.framework */ = {
			isa = PBXReferenceProxy;
			fileType = wrapper.framework;
			path = TableViewDragger.framework;
			remoteRef = C78995161BBF967E0013507A /* PBXContainerItemProxy */;
			sourceTree = BUILT_PRODUCTS_DIR;
		};
/* End PBXReferenceProxy section */

/* Begin PBXResourcesBuildPhase section */
		C78994E81BBF963B0013507A /* Resources */ = {
			isa = PBXResourcesBuildPhase;
			buildActionMask = 2147483647;
			files = (
				C78995101BBF96650013507A /* Info.plist in Resources */,
				C789950D1BBF96650013507A /* Main.storyboard in Resources */,
				C789950B1BBF96650013507A /* Assets.xcassets in Resources */,
				C789950C1BBF96650013507A /* LaunchScreen.storyboard in Resources */,
			);
			runOnlyForDeploymentPostprocessing = 0;
		};
/* End PBXResourcesBuildPhase section */

/* Begin PBXSourcesBuildPhase section */
		C78994E61BBF963B0013507A /* Sources */ = {
			isa = PBXSourcesBuildPhase;
			buildActionMask = 2147483647;
			files = (
				C789950F1BBF96650013507A /* DemoViewController.swift in Sources */,
				C789950E1BBF96650013507A /* DemoTableViewCell.swift in Sources */,
				C78995111BBF96650013507A /* ViewController.swift in Sources */,
				C789950A1BBF96650013507A /* AppDelegate.swift in Sources */,
			);
			runOnlyForDeploymentPostprocessing = 0;
		};
/* End PBXSourcesBuildPhase section */

/* Begin PBXVariantGroup section */
		C78995021BBF96650013507A /* LaunchScreen.storyboard */ = {
			isa = PBXVariantGroup;
			children = (
				C78995031BBF96650013507A /* Base */,
			);
			name = LaunchScreen.storyboard;
			sourceTree = "<group>";
		};
		C78995041BBF96650013507A /* Main.storyboard */ = {
			isa = PBXVariantGroup;
			children = (
				C78995051BBF96650013507A /* Base */,
			);
			name = Main.storyboard;
			sourceTree = "<group>";
		};
/* End PBXVariantGroup section */

/* Begin XCBuildConfiguration section */
		C78994FA1BBF963B0013507A /* Debug */ = {
			isa = XCBuildConfiguration;
			buildSettings = {
				ALWAYS_SEARCH_USER_PATHS = NO;
				CLANG_CXX_LANGUAGE_STANDARD = "gnu++0x";
				CLANG_CXX_LIBRARY = "libc++";
				CLANG_ENABLE_MODULES = YES;
				CLANG_ENABLE_OBJC_ARC = YES;
				CLANG_WARN_BOOL_CONVERSION = YES;
				CLANG_WARN_CONSTANT_CONVERSION = YES;
				CLANG_WARN_DIRECT_OBJC_ISA_USAGE = YES_ERROR;
				CLANG_WARN_EMPTY_BODY = YES;
				CLANG_WARN_ENUM_CONVERSION = YES;
				CLANG_WARN_INT_CONVERSION = YES;
				CLANG_WARN_OBJC_ROOT_CLASS = YES_ERROR;
				CLANG_WARN_UNREACHABLE_CODE = YES;
				CLANG_WARN__DUPLICATE_METHOD_MATCH = YES;
				"CODE_SIGN_IDENTITY[sdk=iphoneos*]" = "iPhone Developer";
				COPY_PHASE_STRIP = NO;
				DEBUG_INFORMATION_FORMAT = dwarf;
				ENABLE_STRICT_OBJC_MSGSEND = YES;
				ENABLE_TESTABILITY = YES;
				GCC_C_LANGUAGE_STANDARD = gnu99;
				GCC_DYNAMIC_NO_PIC = NO;
				GCC_NO_COMMON_BLOCKS = YES;
				GCC_OPTIMIZATION_LEVEL = 0;
				GCC_PREPROCESSOR_DEFINITIONS = (
					"DEBUG=1",
					"$(inherited)",
				);
				GCC_WARN_64_TO_32_BIT_CONVERSION = YES;
				GCC_WARN_ABOUT_RETURN_TYPE = YES_ERROR;
				GCC_WARN_UNDECLARED_SELECTOR = YES;
				GCC_WARN_UNINITIALIZED_AUTOS = YES_AGGRESSIVE;
				GCC_WARN_UNUSED_FUNCTION = YES;
				GCC_WARN_UNUSED_VARIABLE = YES;
				IPHONEOS_DEPLOYMENT_TARGET = 8.0;
				MTL_ENABLE_DEBUG_INFO = YES;
				ONLY_ACTIVE_ARCH = YES;
				SDKROOT = iphoneos;
				SWIFT_OPTIMIZATION_LEVEL = "-Onone";
			};
			name = Debug;
		};
		C78994FB1BBF963B0013507A /* Release */ = {
			isa = XCBuildConfiguration;
			buildSettings = {
				ALWAYS_SEARCH_USER_PATHS = NO;
				CLANG_CXX_LANGUAGE_STANDARD = "gnu++0x";
				CLANG_CXX_LIBRARY = "libc++";
				CLANG_ENABLE_MODULES = YES;
				CLANG_ENABLE_OBJC_ARC = YES;
				CLANG_WARN_BOOL_CONVERSION = YES;
				CLANG_WARN_CONSTANT_CONVERSION = YES;
				CLANG_WARN_DIRECT_OBJC_ISA_USAGE = YES_ERROR;
				CLANG_WARN_EMPTY_BODY = YES;
				CLANG_WARN_ENUM_CONVERSION = YES;
				CLANG_WARN_INT_CONVERSION = YES;
				CLANG_WARN_OBJC_ROOT_CLASS = YES_ERROR;
				CLANG_WARN_UNREACHABLE_CODE = YES;
				CLANG_WARN__DUPLICATE_METHOD_MATCH = YES;
				"CODE_SIGN_IDENTITY[sdk=iphoneos*]" = "iPhone Developer";
				COPY_PHASE_STRIP = NO;
				DEBUG_INFORMATION_FORMAT = "dwarf-with-dsym";
				ENABLE_NS_ASSERTIONS = NO;
				ENABLE_STRICT_OBJC_MSGSEND = YES;
				GCC_C_LANGUAGE_STANDARD = gnu99;
				GCC_NO_COMMON_BLOCKS = YES;
				GCC_WARN_64_TO_32_BIT_CONVERSION = YES;
				GCC_WARN_ABOUT_RETURN_TYPE = YES_ERROR;
				GCC_WARN_UNDECLARED_SELECTOR = YES;
				GCC_WARN_UNINITIALIZED_AUTOS = YES_AGGRESSIVE;
				GCC_WARN_UNUSED_FUNCTION = YES;
				GCC_WARN_UNUSED_VARIABLE = YES;
				IPHONEOS_DEPLOYMENT_TARGET = 8.0;
				MTL_ENABLE_DEBUG_INFO = NO;
				SDKROOT = iphoneos;
				VALIDATE_PRODUCT = YES;
			};
			name = Release;
		};
		C78994FD1BBF963B0013507A /* Debug */ = {
			isa = XCBuildConfiguration;
			buildSettings = {
				ASSETCATALOG_COMPILER_APPICON_NAME = AppIcon;
				INFOPLIST_FILE = TableViewDraggerExample/Info.plist;
				LD_RUNPATH_SEARCH_PATHS = "$(inherited) @executable_path/Frameworks";
				PRODUCT_BUNDLE_IDENTIFIER = com.kyoheiito.TableViewDraggerExample;
				PRODUCT_NAME = "$(TARGET_NAME)";
			};
			name = Debug;
		};
		C78994FE1BBF963B0013507A /* Release */ = {
			isa = XCBuildConfiguration;
			buildSettings = {
				ASSETCATALOG_COMPILER_APPICON_NAME = AppIcon;
				INFOPLIST_FILE = TableViewDraggerExample/Info.plist;
				LD_RUNPATH_SEARCH_PATHS = "$(inherited) @executable_path/Frameworks";
				PRODUCT_BUNDLE_IDENTIFIER = com.kyoheiito.TableViewDraggerExample;
				PRODUCT_NAME = "$(TARGET_NAME)";
			};
			name = Release;
		};
/* End XCBuildConfiguration section */

/* Begin XCConfigurationList section */
		C78994E51BBF963A0013507A /* Build configuration list for PBXProject "TableViewDraggerExample" */ = {
			isa = XCConfigurationList;
			buildConfigurations = (
				C78994FA1BBF963B0013507A /* Debug */,
				C78994FB1BBF963B0013507A /* Release */,
			);
			defaultConfigurationIsVisible = 0;
			defaultConfigurationName = Release;
		};
		C78994FC1BBF963B0013507A /* Build configuration list for PBXNativeTarget "TableViewDraggerExample" */ = {
			isa = XCConfigurationList;
			buildConfigurations = (
				C78994FD1BBF963B0013507A /* Debug */,
				C78994FE1BBF963B0013507A /* Release */,
			);
			defaultConfigurationIsVisible = 0;
			defaultConfigurationName = Release;
		};
/* End XCConfigurationList section */
	};
	rootObject = C78994E21BBF963A0013507A /* Project object */;
}
