// !$*UTF8*$!
{
	archiveVersion = 1;
	classes = {
	};
	objectVersion = 46;
	objects = {

/* Begin PBXBuildFile section */
		C70E28EA1BE47CCC00D33FEC /* AppDelegate.swift in Sources */ = {isa = PBXBuildFile; fileRef = C70E28E91BE47CCC00D33FEC /* AppDelegate.swift */; };
		C70E28EC1BE47CCC00D33FEC /* ViewController.swift in Sources */ = {isa = PBXBuildFile; fileRef = C70E28EB1BE47CCC00D33FEC /* ViewController.swift */; };
		C70E28EF1BE47CCC00D33FEC /* Main.storyboard in Resources */ = {isa = PBXBuildFile; fileRef = C70E28ED1BE47CCC00D33FEC /* Main.storyboard */; };
		C70E28F11BE47CCC00D33FEC /* Assets.xcassets in Resources */ = {isa = PBXBuildFile; fileRef = C70E28F01BE47CCC00D33FEC /* Assets.xcassets */; };
		C70E28F41BE47CCC00D33FEC /* LaunchScreen.storyboard in Resources */ = {isa = PBXBuildFile; fileRef = C70E28F21BE47CCC00D33FEC /* LaunchScreen.storyboard */; };
		C70E29191BE47E2C00D33FEC /* DemoTableViewCell.swift in Sources */ = {isa = PBXBuildFile; fileRef = C70E29171BE47E2C00D33FEC /* DemoTableViewCell.swift */; };
		C70E291A1BE47E2C00D33FEC /* DemoViewController.swift in Sources */ = {isa = PBXBuildFile; fileRef = C70E29181BE47E2C00D33FEC /* DemoViewController.swift */; };
		C70E291C1BE47E3A00D33FEC /* TableViewDragger.framework in Frameworks */ = {isa = PBXBuildFile; fileRef = C70E290E1BE47D1A00D33FEC /* TableViewDragger.framework */; };
/* End PBXBuildFile section */

/* Begin PBXContainerItemProxy section */
		C70E290D1BE47D1A00D33FEC /* PBXContainerItemProxy */ = {
			isa = PBXContainerItemProxy;
			containerPortal = C70E29091BE47D1A00D33FEC /* TableViewDragger.xcodeproj */;
			proxyType = 2;
			remoteGlobalIDString = C7AC952A1BB4166F0044E1BA;
			remoteInfo = TableViewDragger;
		};
/* End PBXContainerItemProxy section */

/* Begin PBXFileReference section */
		C70E28E61BE47CCC00D33FEC /* TableViewDraggerExample.app */ = {isa = PBXFileReference; explicitFileType = wrapper.application; includeInIndex = 0; path = TableViewDraggerExample.app; sourceTree = BUILT_PRODUCTS_DIR; };
		C70E28E91BE47CCC00D33FEC /* AppDelegate.swift */ = {isa = PBXFileReference; lastKnownFileType = sourcecode.swift; path = AppDelegate.swift; sourceTree = "<group>"; };
		C70E28EB1BE47CCC00D33FEC /* ViewController.swift */ = {isa = PBXFileReference; lastKnownFileType = sourcecode.swift; path = ViewController.swift; sourceTree = "<group>"; };
		C70E28EE1BE47CCC00D33FEC /* Base */ = {isa = PBXFileReference; lastKnownFileType = file.storyboard; name = Base; path = Base.lproj/Main.storyboard; sourceTree = "<group>"; };
		C70E28F01BE47CCC00D33FEC /* Assets.xcassets */ = {isa = PBXFileReference; lastKnownFileType = folder.assetcatalog; path = Assets.xcassets; sourceTree = "<group>"; };
		C70E28F31BE47CCC00D33FEC /* Base */ = {isa = PBXFileReference; lastKnownFileType = file.storyboard; name = Base; path = Base.lproj/LaunchScreen.storyboard; sourceTree = "<group>"; };
		C70E28F51BE47CCC00D33FEC /* Info.plist */ = {isa = PBXFileReference; lastKnownFileType = text.plist.xml; path = Info.plist; sourceTree = "<group>"; };
		C70E29091BE47D1A00D33FEC /* TableViewDragger.xcodeproj */ = {isa = PBXFileReference; lastKnownFileType = "wrapper.pb-project"; name = TableViewDragger.xcodeproj; path = ../TableViewDragger.xcodeproj; sourceTree = "<group>"; };
		C70E29171BE47E2C00D33FEC /* DemoTableViewCell.swift */ = {isa = PBXFileReference; fileEncoding = 4; lastKnownFileType = sourcecode.swift; path = DemoTableViewCell.swift; sourceTree = "<group>"; };
		C70E29181BE47E2C00D33FEC /* DemoViewController.swift */ = {isa = PBXFileReference; fileEncoding = 4; lastKnownFileType = sourcecode.swift; path = DemoViewController.swift; sourceTree = "<group>"; };
/* End PBXFileReference section */

/* Begin PBXFrameworksBuildPhase section */
		C70E28E31BE47CCC00D33FEC /* Frameworks */ = {
			isa = PBXFrameworksBuildPhase;
			buildActionMask = 2147483647;
			files = (
				C70E291C1BE47E3A00D33FEC /* TableViewDragger.framework in Frameworks */,
			);
			runOnlyForDeploymentPostprocessing = 0;
		};
/* End PBXFrameworksBuildPhase section */

/* Begin PBXGroup section */
		C70E28DD1BE47CCC00D33FEC = {
			isa = PBXGroup;
			children = (
				C70E29091BE47D1A00D33FEC /* TableViewDragger.xcodeproj */,
				C70E28E81BE47CCC00D33FEC /* TableViewDraggerExample */,
				C70E28E71BE47CCC00D33FEC /* Products */,
			);
			sourceTree = "<group>";
		};
		C70E28E71BE47CCC00D33FEC /* Products */ = {
			isa = PBXGroup;
			children = (
				C70E28E61BE47CCC00D33FEC /* TableViewDraggerExample.app */,
			);
			name = Products;
			sourceTree = "<group>";
		};
		C70E28E81BE47CCC00D33FEC /* TableViewDraggerExample */ = {
			isa = PBXGroup;
			children = (
				C70E28E91BE47CCC00D33FEC /* AppDelegate.swift */,
				C70E29171BE47E2C00D33FEC /* DemoTableViewCell.swift */,
				C70E29181BE47E2C00D33FEC /* DemoViewController.swift */,
				C70E28EB1BE47CCC00D33FEC /* ViewController.swift */,
				C70E28ED1BE47CCC00D33FEC /* Main.storyboard */,
				C70E28F01BE47CCC00D33FEC /* Assets.xcassets */,
				C70E28F21BE47CCC00D33FEC /* LaunchScreen.storyboard */,
				C70E28F51BE47CCC00D33FEC /* Info.plist */,
			);
			path = TableViewDraggerExample;
			sourceTree = "<group>";
		};
		C70E290A1BE47D1A00D33FEC /* Products */ = {
			isa = PBXGroup;
			children = (
				C70E290E1BE47D1A00D33FEC /* TableViewDragger.framework */,
			);
			name = Products;
			sourceTree = "<group>";
		};
/* End PBXGroup section */

/* Begin PBXNativeTarget section */
		C70E28E51BE47CCC00D33FEC /* TableViewDraggerExample */ = {
			isa = PBXNativeTarget;
			buildConfigurationList = C70E29031BE47CCC00D33FEC /* Build configuration list for PBXNativeTarget "TableViewDraggerExample" */;
			buildPhases = (
				C70E28E21BE47CCC00D33FEC /* Sources */,
				C70E28E31BE47CCC00D33FEC /* Frameworks */,
				C70E28E41BE47CCC00D33FEC /* Resources */,
			);
			buildRules = (
			);
			dependencies = (
			);
			name = TableViewDraggerExample;
			productName = TableViewDraggerExample;
			productReference = C70E28E61BE47CCC00D33FEC /* TableViewDraggerExample.app */;
			productType = "com.apple.product-type.application";
		};
/* End PBXNativeTarget section */

/* Begin PBXProject section */
		C70E28DE1BE47CCC00D33FEC /* Project object */ = {
			isa = PBXProject;
			attributes = {
				LastSwiftUpdateCheck = 0710;
				LastUpgradeCheck = 0710;
				ORGANIZATIONNAME = kyohei_ito;
				TargetAttributes = {
					C70E28E51BE47CCC00D33FEC = {
						CreatedOnToolsVersion = 7.1;
					};
				};
			};
			buildConfigurationList = C70E28E11BE47CCC00D33FEC /* Build configuration list for PBXProject "TableViewDraggerExample" */;
			compatibilityVersion = "Xcode 3.2";
			developmentRegion = English;
			hasScannedForEncodings = 0;
			knownRegions = (
				en,
				Base,
			);
			mainGroup = C70E28DD1BE47CCC00D33FEC;
			productRefGroup = C70E28E71BE47CCC00D33FEC /* Products */;
			projectDirPath = "";
			projectReferences = (
				{
					ProductGroup = C70E290A1BE47D1A00D33FEC /* Products */;
					ProjectRef = C70E29091BE47D1A00D33FEC /* TableViewDragger.xcodeproj */;
				},
			);
			projectRoot = "";
			targets = (
				C70E28E51BE47CCC00D33FEC /* TableViewDraggerExample */,
			);
		};
/* End PBXProject section */

/* Begin PBXReferenceProxy section */
		C70E290E1BE47D1A00D33FEC /* TableViewDragger.framework */ = {
			isa = PBXReferenceProxy;
			fileType = wrapper.framework;
			path = TableViewDragger.framework;
			remoteRef = C70E290D1BE47D1A00D33FEC /* PBXContainerItemProxy */;
			sourceTree = BUILT_PRODUCTS_DIR;
		};
/* End PBXReferenceProxy section */

/* Begin PBXResourcesBuildPhase section */
		C70E28E41BE47CCC00D33FEC /* Resources */ = {
			isa = PBXResourcesBuildPhase;
			buildActionMask = 2147483647;
			files = (
				C70E28F41BE47CCC00D33FEC /* LaunchScreen.storyboard in Resources */,
				C70E28F11BE47CCC00D33FEC /* Assets.xcassets in Resources */,
				C70E28EF1BE47CCC00D33FEC /* Main.storyboard in Resources */,
			);
			runOnlyForDeploymentPostprocessing = 0;
		};
/* End PBXResourcesBuildPhase section */

/* Begin PBXSourcesBuildPhase section */
		C70E28E21BE47CCC00D33FEC /* Sources */ = {
			isa = PBXSourcesBuildPhase;
			buildActionMask = 2147483647;
			files = (
				C70E29191BE47E2C00D33FEC /* DemoTableViewCell.swift in Sources */,
				C70E28EC1BE47CCC00D33FEC /* ViewController.swift in Sources */,
				C70E28EA1BE47CCC00D33FEC /* AppDelegate.swift in Sources */,
				C70E291A1BE47E2C00D33FEC /* DemoViewController.swift in Sources */,
			);
			runOnlyForDeploymentPostprocessing = 0;
		};
/* End PBXSourcesBuildPhase section */

/* Begin PBXVariantGroup section */
		C70E28ED1BE47CCC00D33FEC /* Main.storyboard */ = {
			isa = PBXVariantGroup;
			children = (
				C70E28EE1BE47CCC00D33FEC /* Base */,
			);
			name = Main.storyboard;
			sourceTree = "<group>";
		};
		C70E28F21BE47CCC00D33FEC /* LaunchScreen.storyboard */ = {
			isa = PBXVariantGroup;
			children = (
				C70E28F31BE47CCC00D33FEC /* Base */,
			);
			name = LaunchScreen.storyboard;
			sourceTree = "<group>";
		};
/* End PBXVariantGroup section */

/* Begin XCBuildConfiguration section */
		C70E29011BE47CCC00D33FEC /* Debug */ = {
			isa = XCBuildConfiguration;
			buildSettings = {
				ALWAYS_SEARCH_USER_PATHS = NO;
				CLANG_CXX_LANGUAGE_STANDARD = "gnu++0x";
				CLANG_CXX_LIBRARY = "libc++";
				CLANG_ENABLE_MODULES = YES;
				CLANG_ENABLE_OBJC_ARC = YES;
				CLANG_WARN_BOOL_CONVERSION = YES;
				CLANG_WARN_CONSTANT_CONVERSION = YES;
				CLANG_WARN_DIRECT_OBJC_ISA_USAGE = YES_ERROR;
				CLANG_WARN_EMPTY_BODY = YES;
				CLANG_WARN_ENUM_CONVERSION = YES;
				CLANG_WARN_INT_CONVERSION = YES;
				CLANG_WARN_OBJC_ROOT_CLASS = YES_ERROR;
				CLANG_WARN_UNREACHABLE_CODE = YES;
				CLANG_WARN__DUPLICATE_METHOD_MATCH = YES;
				"CODE_SIGN_IDENTITY[sdk=iphoneos*]" = "iPhone Developer";
				COPY_PHASE_STRIP = NO;
				DEBUG_INFORMATION_FORMAT = dwarf;
				ENABLE_STRICT_OBJC_MSGSEND = YES;
				ENABLE_TESTABILITY = YES;
				GCC_C_LANGUAGE_STANDARD = gnu99;
				GCC_DYNAMIC_NO_PIC = NO;
				GCC_NO_COMMON_BLOCKS = YES;
				GCC_OPTIMIZATION_LEVEL = 0;
				GCC_PREPROCESSOR_DEFINITIONS = (
					"DEBUG=1",
					"$(inherited)",
				);
				GCC_WARN_64_TO_32_BIT_CONVERSION = YES;
				GCC_WARN_ABOUT_RETURN_TYPE = YES_ERROR;
				GCC_WARN_UNDECLARED_SELECTOR = YES;
				GCC_WARN_UNINITIALIZED_AUTOS = YES_AGGRESSIVE;
				GCC_WARN_UNUSED_FUNCTION = YES;
				GCC_WARN_UNUSED_VARIABLE = YES;
				IPHONEOS_DEPLOYMENT_TARGET = 8.0;
				MTL_ENABLE_DEBUG_INFO = YES;
				ONLY_ACTIVE_ARCH = YES;
				SDKROOT = iphoneos;
				SWIFT_OPTIMIZATION_LEVEL = "-Onone";
			};
			name = Debug;
		};
		C70E29021BE47CCC00D33FEC /* Release */ = {
			isa = XCBuildConfiguration;
			buildSettings = {
				ALWAYS_SEARCH_USER_PATHS = NO;
				CLANG_CXX_LANGUAGE_STANDARD = "gnu++0x";
				CLANG_CXX_LIBRARY = "libc++";
				CLANG_ENABLE_MODULES = YES;
				CLANG_ENABLE_OBJC_ARC = YES;
				CLANG_WARN_BOOL_CONVERSION = YES;
				CLANG_WARN_CONSTANT_CONVERSION = YES;
				CLANG_WARN_DIRECT_OBJC_ISA_USAGE = YES_ERROR;
				CLANG_WARN_EMPTY_BODY = YES;
				CLANG_WARN_ENUM_CONVERSION = YES;
				CLANG_WARN_INT_CONVERSION = YES;
				CLANG_WARN_OBJC_ROOT_CLASS = YES_ERROR;
				CLANG_WARN_UNREACHABLE_CODE = YES;
				CLANG_WARN__DUPLICATE_METHOD_MATCH = YES;
				"CODE_SIGN_IDENTITY[sdk=iphoneos*]" = "iPhone Developer";
				COPY_PHASE_STRIP = NO;
				DEBUG_INFORMATION_FORMAT = "dwarf-with-dsym";
				ENABLE_NS_ASSERTIONS = NO;
				ENABLE_STRICT_OBJC_MSGSEND = YES;
				GCC_C_LANGUAGE_STANDARD = gnu99;
				GCC_NO_COMMON_BLOCKS = YES;
				GCC_WARN_64_TO_32_BIT_CONVERSION = YES;
				GCC_WARN_ABOUT_RETURN_TYPE = YES_ERROR;
				GCC_WARN_UNDECLARED_SELECTOR = YES;
				GCC_WARN_UNINITIALIZED_AUTOS = YES_AGGRESSIVE;
				GCC_WARN_UNUSED_FUNCTION = YES;
				GCC_WARN_UNUSED_VARIABLE = YES;
				IPHONEOS_DEPLOYMENT_TARGET = 8.0;
				MTL_ENABLE_DEBUG_INFO = NO;
				SDKROOT = iphoneos;
				VALIDATE_PRODUCT = YES;
			};
			name = Release;
		};
		C70E29041BE47CCC00D33FEC /* Debug */ = {
			isa = XCBuildConfiguration;
			buildSettings = {
				ASSETCATALOG_COMPILER_APPICON_NAME = AppIcon;
				INFOPLIST_FILE = TableViewDraggerExample/Info.plist;
				LD_RUNPATH_SEARCH_PATHS = "$(inherited) @executable_path/Frameworks";
				PRODUCT_BUNDLE_IDENTIFIER = com.kyoheiito.TableViewDraggerExample;
				PRODUCT_NAME = "$(TARGET_NAME)";
			};
			name = Debug;
		};
		C70E29051BE47CCC00D33FEC /* Release */ = {
			isa = XCBuildConfiguration;
			buildSettings = {
				ASSETCATALOG_COMPILER_APPICON_NAME = AppIcon;
				INFOPLIST_FILE = TableViewDraggerExample/Info.plist;
				LD_RUNPATH_SEARCH_PATHS = "$(inherited) @executable_path/Frameworks";
				PRODUCT_BUNDLE_IDENTIFIER = com.kyoheiito.TableViewDraggerExample;
				PRODUCT_NAME = "$(TARGET_NAME)";
			};
			name = Release;
		};
/* End XCBuildConfiguration section */

/* Begin XCConfigurationList section */
		C70E28E11BE47CCC00D33FEC /* Build configuration list for PBXProject "TableViewDraggerExample" */ = {
			isa = XCConfigurationList;
			buildConfigurations = (
				C70E29011BE47CCC00D33FEC /* Debug */,
				C70E29021BE47CCC00D33FEC /* Release */,
			);
			defaultConfigurationIsVisible = 0;
			defaultConfigurationName = Release;
		};
		C70E29031BE47CCC00D33FEC /* Build configuration list for PBXNativeTarget "TableViewDraggerExample" */ = {
			isa = XCConfigurationList;
			buildConfigurations = (
				C70E29041BE47CCC00D33FEC /* Debug */,
				C70E29051BE47CCC00D33FEC /* Release */,
			);
			defaultConfigurationIsVisible = 0;
			defaultConfigurationName = Release;
		};
/* End XCConfigurationList section */
	};
	rootObject = C70E28DE1BE47CCC00D33FEC /* Project object */;
}
